// !$*UTF8*$!
{
	archiveVersion = 1;
	classes = {
	};
	objectVersion = 50;
	objects = {

/* Begin PBXBuildFile section */
		6302EFBE23ECB97E0023D575 /* FollowerListViewController.swift in Sources */ = {isa = PBXBuildFile; fileRef = 6302EFBD23ECB97E0023D575 /* FollowerListViewController.swift */; };
		6331937223EC3EF3003D7529 /* SearchViewController.swift in Sources */ = {isa = PBXBuildFile; fileRef = 6331937123EC3EF3003D7529 /* SearchViewController.swift */; };
		6331937423EC3FA7003D7529 /* FavoritesListViewController.swift in Sources */ = {isa = PBXBuildFile; fileRef = 6331937323EC3FA7003D7529 /* FavoritesListViewController.swift */; };
		6331937723EC4659003D7529 /* GFButton.swift in Sources */ = {isa = PBXBuildFile; fileRef = 6331937623EC4659003D7529 /* GFButton.swift */; };
		6331937923EC4943003D7529 /* GFTextField.swift in Sources */ = {isa = PBXBuildFile; fileRef = 6331937823EC4943003D7529 /* GFTextField.swift */; };
		636FBA2523EF74E700A752F5 /* GFEmptyStateView.swift in Sources */ = {isa = PBXBuildFile; fileRef = 636FBA2423EF74E700A752F5 /* GFEmptyStateView.swift */; };
		63843FEE23EF23D900553F22 /* ErrorMessage.swift in Sources */ = {isa = PBXBuildFile; fileRef = 63843FED23EF23D900553F22 /* ErrorMessage.swift */; };
		638453D223F1709900AE1E6B /* GitHubFollowers.xcdatamodeld in Sources */ = {isa = PBXBuildFile; fileRef = 638453D023F1709900AE1E6B /* GitHubFollowers.xcdatamodeld */; };
		638453D423F170E300AE1E6B /* CoreDataStack.swift in Sources */ = {isa = PBXBuildFile; fileRef = 638453D323F170E300AE1E6B /* CoreDataStack.swift */; };
		638453D623F1745B00AE1E6B /* Favorite+Convenience.swift in Sources */ = {isa = PBXBuildFile; fileRef = 638453D523F1745B00AE1E6B /* Favorite+Convenience.swift */; };
		638453DA23F1904700AE1E6B /* FavoriteCell.swift in Sources */ = {isa = PBXBuildFile; fileRef = 638453D923F1904700AE1E6B /* FavoriteCell.swift */; };
		638C213C23EC30EB002A236B /* AppDelegate.swift in Sources */ = {isa = PBXBuildFile; fileRef = 638C213B23EC30EB002A236B /* AppDelegate.swift */; };
		638C213E23EC30EB002A236B /* SceneDelegate.swift in Sources */ = {isa = PBXBuildFile; fileRef = 638C213D23EC30EB002A236B /* SceneDelegate.swift */; };
		638C214523EC30ED002A236B /* Assets.xcassets in Resources */ = {isa = PBXBuildFile; fileRef = 638C214423EC30ED002A236B /* Assets.xcassets */; };
		638C214823EC30ED002A236B /* LaunchScreen.storyboard in Resources */ = {isa = PBXBuildFile; fileRef = 638C214623EC30ED002A236B /* LaunchScreen.storyboard */; };
		639092A223ECBFD000B14AAE /* GFTitleLabel.swift in Sources */ = {isa = PBXBuildFile; fileRef = 639092A123ECBFD000B14AAE /* GFTitleLabel.swift */; };
		639092A423ECC20C00B14AAE /* GFBodyLabel.swift in Sources */ = {isa = PBXBuildFile; fileRef = 639092A323ECC20C00B14AAE /* GFBodyLabel.swift */; };
		639092A623ECC2C100B14AAE /* GFAlertVC.swift in Sources */ = {isa = PBXBuildFile; fileRef = 639092A523ECC2C100B14AAE /* GFAlertVC.swift */; };
		63D0136323ED9DFE00F7FEB3 /* UIViewController+Ext.swift in Sources */ = {isa = PBXBuildFile; fileRef = 63D0136223ED9DFE00F7FEB3 /* UIViewController+Ext.swift */; };
		63D0136523EDA0AB00F7FEB3 /* String+Ext.swift in Sources */ = {isa = PBXBuildFile; fileRef = 63D0136423EDA0AB00F7FEB3 /* String+Ext.swift */; };
		63D0136823EDAFB900F7FEB3 /* Follower.swift in Sources */ = {isa = PBXBuildFile; fileRef = 63D0136723EDAFB900F7FEB3 /* Follower.swift */; };
		63D0136A23EDB10400F7FEB3 /* User.swift in Sources */ = {isa = PBXBuildFile; fileRef = 63D0136923EDB10400F7FEB3 /* User.swift */; };
		63D0136D23EDB86900F7FEB3 /* NetworkManager.swift in Sources */ = {isa = PBXBuildFile; fileRef = 63D0136C23EDB86900F7FEB3 /* NetworkManager.swift */; };
		63D0137023EDBACD00F7FEB3 /* NetworkLoader.swift in Sources */ = {isa = PBXBuildFile; fileRef = 63D0136F23EDBACD00F7FEB3 /* NetworkLoader.swift */; };
		63D0137223EDBB0F00F7FEB3 /* URLSession+NetworkDataLoader.swift in Sources */ = {isa = PBXBuildFile; fileRef = 63D0137123EDBB0F00F7FEB3 /* URLSession+NetworkDataLoader.swift */; };
		63D44F6723EF2C1F00B36D28 /* FollowerCell.swift in Sources */ = {isa = PBXBuildFile; fileRef = 63D44F6623EF2C1F00B36D28 /* FollowerCell.swift */; };
		63D44F6C23EF2CA700B36D28 /* GFAvatarImageView.swift in Sources */ = {isa = PBXBuildFile; fileRef = 63D44F6B23EF2CA700B36D28 /* GFAvatarImageView.swift */; };
		63D44F7023EF3F6400B36D28 /* UIHelper.swift in Sources */ = {isa = PBXBuildFile; fileRef = 63D44F6F23EF3F6400B36D28 /* UIHelper.swift */; };
		63EC978623F04DD4008E87B5 /* UserInfoViewController.swift in Sources */ = {isa = PBXBuildFile; fileRef = 63EC978523F04DD4008E87B5 /* UserInfoViewController.swift */; };
		63EC978923F05933008E87B5 /* GFUserInfoHeaderViewController.swift in Sources */ = {isa = PBXBuildFile; fileRef = 63EC978823F05933008E87B5 /* GFUserInfoHeaderViewController.swift */; };
		63EC978B23F059AE008E87B5 /* GFSecondaryTitleLabel.swift in Sources */ = {isa = PBXBuildFile; fileRef = 63EC978A23F059AE008E87B5 /* GFSecondaryTitleLabel.swift */; };
		63EC978E23F0626C008E87B5 /* Constants.swift in Sources */ = {isa = PBXBuildFile; fileRef = 63EC978D23F0626C008E87B5 /* Constants.swift */; };
		63EC979023F06AD0008E87B5 /* GFItemInfoView.swift in Sources */ = {isa = PBXBuildFile; fileRef = 63EC978F23F06AD0008E87B5 /* GFItemInfoView.swift */; };
		63EC979223F06EF9008E87B5 /* GFItemInfoViewController.swift in Sources */ = {isa = PBXBuildFile; fileRef = 63EC979123F06EF9008E87B5 /* GFItemInfoViewController.swift */; };
		63EC979423F07259008E87B5 /* GFRepoItemViewController.swift in Sources */ = {isa = PBXBuildFile; fileRef = 63EC979323F07259008E87B5 /* GFRepoItemViewController.swift */; };
		63EC979623F07891008E87B5 /* GFFollowerItemViewController.swift in Sources */ = {isa = PBXBuildFile; fileRef = 63EC979523F07891008E87B5 /* GFFollowerItemViewController.swift */; };
		63EC979823F07BB2008E87B5 /* Date+Ext.swift in Sources */ = {isa = PBXBuildFile; fileRef = 63EC979723F07BB2008E87B5 /* Date+Ext.swift */; };
/* End PBXBuildFile section */

/* Begin PBXFileReference section */
		6302EFBD23ECB97E0023D575 /* FollowerListViewController.swift */ = {isa = PBXFileReference; lastKnownFileType = sourcecode.swift; path = FollowerListViewController.swift; sourceTree = "<group>"; };
		6331937123EC3EF3003D7529 /* SearchViewController.swift */ = {isa = PBXFileReference; lastKnownFileType = sourcecode.swift; path = SearchViewController.swift; sourceTree = "<group>"; };
		6331937323EC3FA7003D7529 /* FavoritesListViewController.swift */ = {isa = PBXFileReference; lastKnownFileType = sourcecode.swift; path = FavoritesListViewController.swift; sourceTree = "<group>"; };
		6331937623EC4659003D7529 /* GFButton.swift */ = {isa = PBXFileReference; lastKnownFileType = sourcecode.swift; path = GFButton.swift; sourceTree = "<group>"; };
		6331937823EC4943003D7529 /* GFTextField.swift */ = {isa = PBXFileReference; lastKnownFileType = sourcecode.swift; path = GFTextField.swift; sourceTree = "<group>"; };
		636FBA2423EF74E700A752F5 /* GFEmptyStateView.swift */ = {isa = PBXFileReference; lastKnownFileType = sourcecode.swift; path = GFEmptyStateView.swift; sourceTree = "<group>"; };
		63843FED23EF23D900553F22 /* ErrorMessage.swift */ = {isa = PBXFileReference; lastKnownFileType = sourcecode.swift; path = ErrorMessage.swift; sourceTree = "<group>"; };
		638453D123F1709900AE1E6B /* GitHubFollowers.xcdatamodel */ = {isa = PBXFileReference; lastKnownFileType = wrapper.xcdatamodel; path = GitHubFollowers.xcdatamodel; sourceTree = "<group>"; };
		638453D323F170E300AE1E6B /* CoreDataStack.swift */ = {isa = PBXFileReference; lastKnownFileType = sourcecode.swift; path = CoreDataStack.swift; sourceTree = "<group>"; };
		638453D523F1745B00AE1E6B /* Favorite+Convenience.swift */ = {isa = PBXFileReference; lastKnownFileType = sourcecode.swift; path = "Favorite+Convenience.swift"; sourceTree = "<group>"; };
		638453D923F1904700AE1E6B /* FavoriteCell.swift */ = {isa = PBXFileReference; lastKnownFileType = sourcecode.swift; path = FavoriteCell.swift; sourceTree = "<group>"; };
		638C213823EC30EB002A236B /* GitHubFollowers.app */ = {isa = PBXFileReference; explicitFileType = wrapper.application; includeInIndex = 0; path = GitHubFollowers.app; sourceTree = BUILT_PRODUCTS_DIR; };
		638C213B23EC30EB002A236B /* AppDelegate.swift */ = {isa = PBXFileReference; lastKnownFileType = sourcecode.swift; path = AppDelegate.swift; sourceTree = "<group>"; };
		638C213D23EC30EB002A236B /* SceneDelegate.swift */ = {isa = PBXFileReference; lastKnownFileType = sourcecode.swift; path = SceneDelegate.swift; sourceTree = "<group>"; };
		638C214423EC30ED002A236B /* Assets.xcassets */ = {isa = PBXFileReference; lastKnownFileType = folder.assetcatalog; path = Assets.xcassets; sourceTree = "<group>"; };
		638C214723EC30ED002A236B /* Base */ = {isa = PBXFileReference; lastKnownFileType = file.storyboard; name = Base; path = Base.lproj/LaunchScreen.storyboard; sourceTree = "<group>"; };
		638C214923EC30ED002A236B /* Info.plist */ = {isa = PBXFileReference; lastKnownFileType = text.plist.xml; path = Info.plist; sourceTree = "<group>"; };
		639092A123ECBFD000B14AAE /* GFTitleLabel.swift */ = {isa = PBXFileReference; lastKnownFileType = sourcecode.swift; path = GFTitleLabel.swift; sourceTree = "<group>"; };
		639092A323ECC20C00B14AAE /* GFBodyLabel.swift */ = {isa = PBXFileReference; lastKnownFileType = sourcecode.swift; path = GFBodyLabel.swift; sourceTree = "<group>"; };
		639092A523ECC2C100B14AAE /* GFAlertVC.swift */ = {isa = PBXFileReference; lastKnownFileType = sourcecode.swift; path = GFAlertVC.swift; sourceTree = "<group>"; };
		63D0136223ED9DFE00F7FEB3 /* UIViewController+Ext.swift */ = {isa = PBXFileReference; lastKnownFileType = sourcecode.swift; path = "UIViewController+Ext.swift"; sourceTree = "<group>"; };
		63D0136423EDA0AB00F7FEB3 /* String+Ext.swift */ = {isa = PBXFileReference; lastKnownFileType = sourcecode.swift; path = "String+Ext.swift"; sourceTree = "<group>"; };
		63D0136723EDAFB900F7FEB3 /* Follower.swift */ = {isa = PBXFileReference; lastKnownFileType = sourcecode.swift; path = Follower.swift; sourceTree = "<group>"; };
		63D0136923EDB10400F7FEB3 /* User.swift */ = {isa = PBXFileReference; lastKnownFileType = sourcecode.swift; path = User.swift; sourceTree = "<group>"; };
		63D0136C23EDB86900F7FEB3 /* NetworkManager.swift */ = {isa = PBXFileReference; lastKnownFileType = sourcecode.swift; path = NetworkManager.swift; sourceTree = "<group>"; };
		63D0136F23EDBACD00F7FEB3 /* NetworkLoader.swift */ = {isa = PBXFileReference; lastKnownFileType = sourcecode.swift; path = NetworkLoader.swift; sourceTree = "<group>"; };
		63D0137123EDBB0F00F7FEB3 /* URLSession+NetworkDataLoader.swift */ = {isa = PBXFileReference; lastKnownFileType = sourcecode.swift; path = "URLSession+NetworkDataLoader.swift"; sourceTree = "<group>"; };
		63D44F6623EF2C1F00B36D28 /* FollowerCell.swift */ = {isa = PBXFileReference; lastKnownFileType = sourcecode.swift; path = FollowerCell.swift; sourceTree = "<group>"; };
		63D44F6B23EF2CA700B36D28 /* GFAvatarImageView.swift */ = {isa = PBXFileReference; lastKnownFileType = sourcecode.swift; path = GFAvatarImageView.swift; sourceTree = "<group>"; };
		63D44F6F23EF3F6400B36D28 /* UIHelper.swift */ = {isa = PBXFileReference; lastKnownFileType = sourcecode.swift; path = UIHelper.swift; sourceTree = "<group>"; };
		63EC978523F04DD4008E87B5 /* UserInfoViewController.swift */ = {isa = PBXFileReference; lastKnownFileType = sourcecode.swift; path = UserInfoViewController.swift; sourceTree = "<group>"; };
		63EC978823F05933008E87B5 /* GFUserInfoHeaderViewController.swift */ = {isa = PBXFileReference; lastKnownFileType = sourcecode.swift; path = GFUserInfoHeaderViewController.swift; sourceTree = "<group>"; };
		63EC978A23F059AE008E87B5 /* GFSecondaryTitleLabel.swift */ = {isa = PBXFileReference; lastKnownFileType = sourcecode.swift; path = GFSecondaryTitleLabel.swift; sourceTree = "<group>"; };
		63EC978D23F0626C008E87B5 /* Constants.swift */ = {isa = PBXFileReference; lastKnownFileType = sourcecode.swift; path = Constants.swift; sourceTree = "<group>"; };
		63EC978F23F06AD0008E87B5 /* GFItemInfoView.swift */ = {isa = PBXFileReference; lastKnownFileType = sourcecode.swift; path = GFItemInfoView.swift; sourceTree = "<group>"; };
		63EC979123F06EF9008E87B5 /* GFItemInfoViewController.swift */ = {isa = PBXFileReference; lastKnownFileType = sourcecode.swift; path = GFItemInfoViewController.swift; sourceTree = "<group>"; };
		63EC979323F07259008E87B5 /* GFRepoItemViewController.swift */ = {isa = PBXFileReference; lastKnownFileType = sourcecode.swift; path = GFRepoItemViewController.swift; sourceTree = "<group>"; };
		63EC979523F07891008E87B5 /* GFFollowerItemViewController.swift */ = {isa = PBXFileReference; lastKnownFileType = sourcecode.swift; path = GFFollowerItemViewController.swift; sourceTree = "<group>"; };
		63EC979723F07BB2008E87B5 /* Date+Ext.swift */ = {isa = PBXFileReference; lastKnownFileType = sourcecode.swift; path = "Date+Ext.swift"; sourceTree = "<group>"; };
/* End PBXFileReference section */

/* Begin PBXFrameworksBuildPhase section */
		638C213523EC30EB002A236B /* Frameworks */ = {
			isa = PBXFrameworksBuildPhase;
			buildActionMask = 2147483647;
			files = (
			);
			runOnlyForDeploymentPostprocessing = 0;
		};
/* End PBXFrameworksBuildPhase section */

/* Begin PBXGroup section */
		6302EFBB23ECB9550023D575 /* Search */ = {
			isa = PBXGroup;
			children = (
				6331937123EC3EF3003D7529 /* SearchViewController.swift */,
				6302EFBD23ECB97E0023D575 /* FollowerListViewController.swift */,
				63EC978523F04DD4008E87B5 /* UserInfoViewController.swift */,
			);
			path = Search;
			sourceTree = "<group>";
		};
		6302EFBC23ECB9630023D575 /* Favorites */ = {
			isa = PBXGroup;
			children = (
				6331937323EC3FA7003D7529 /* FavoritesListViewController.swift */,
			);
			path = Favorites;
			sourceTree = "<group>";
		};
		6331937523EC4635003D7529 /* Custom Views */ = {
			isa = PBXGroup;
			children = (
				63EC978723F0589F008E87B5 /* View Controllers */,
				636FBA2323EF749900A752F5 /* Views */,
				63D44F6823EF2C7900B36D28 /* ImageViews */,
				63D44F6223EF2BD800B36D28 /* Buttons */,
				63D44F6523EF2BF800B36D28 /* Cells */,
				63D44F6423EF2BEC00B36D28 /* Labels */,
				63D44F6323EF2BE100B36D28 /* TextFields */,
			);
			path = "Custom Views";
			sourceTree = "<group>";
		};
		636FBA2323EF749900A752F5 /* Views */ = {
			isa = PBXGroup;
			children = (
				636FBA2423EF74E700A752F5 /* GFEmptyStateView.swift */,
				63EC978F23F06AD0008E87B5 /* GFItemInfoView.swift */,
			);
			path = Views;
			sourceTree = "<group>";
		};
		63843FEC23EF23C500553F22 /* Utilities */ = {
			isa = PBXGroup;
			children = (
				63EC978C23F0625F008E87B5 /* Constants */,
				63D44F6E23EF3F5700B36D28 /* Helpers */,
				63D0136E23EDBABD00F7FEB3 /* Protocols */,
				63D0136123ED9DE900F7FEB3 /* Extensions */,
				63843FEF23EF23F500553F22 /* Errors */,
			);
			path = Utilities;
			sourceTree = "<group>";
		};
		63843FEF23EF23F500553F22 /* Errors */ = {
			isa = PBXGroup;
			children = (
				63843FED23EF23D900553F22 /* ErrorMessage.swift */,
			);
			path = Errors;
			sourceTree = "<group>";
		};
		638C212F23EC30EB002A236B = {
			isa = PBXGroup;
			children = (
				638C213A23EC30EB002A236B /* GitHubFollowers */,
				638C213923EC30EB002A236B /* Products */,
			);
			sourceTree = "<group>";
		};
		638C213923EC30EB002A236B /* Products */ = {
			isa = PBXGroup;
			children = (
				638C213823EC30EB002A236B /* GitHubFollowers.app */,
			);
			name = Products;
			sourceTree = "<group>";
		};
		638C213A23EC30EB002A236B /* GitHubFollowers */ = {
			isa = PBXGroup;
			children = (
				638C215223EC3184002A236B /* Model */,
				638C215123EC317E002A236B /* View */,
				638C215023EC3176002A236B /* Controller */,
				63D0136B23EDB85900F7FEB3 /* Managers */,
				63843FEC23EF23C500553F22 /* Utilities */,
				638C214F23EC312C002A236B /* Supporting Files */,
			);
			path = GitHubFollowers;
			sourceTree = "<group>";
		};
		638C214F23EC312C002A236B /* Supporting Files */ = {
			isa = PBXGroup;
			children = (
				638C213B23EC30EB002A236B /* AppDelegate.swift */,
				638C214423EC30ED002A236B /* Assets.xcassets */,
				638C214923EC30ED002A236B /* Info.plist */,
				638C214623EC30ED002A236B /* LaunchScreen.storyboard */,
				638C213D23EC30EB002A236B /* SceneDelegate.swift */,
			);
			path = "Supporting Files";
			sourceTree = "<group>";
		};
		638C215023EC3176002A236B /* Controller */ = {
			isa = PBXGroup;
			children = (
				6302EFBC23ECB9630023D575 /* Favorites */,
				6302EFBB23ECB9550023D575 /* Search */,
			);
			path = Controller;
			sourceTree = "<group>";
		};
		638C215123EC317E002A236B /* View */ = {
			isa = PBXGroup;
			children = (
				6331937523EC4635003D7529 /* Custom Views */,
			);
			path = View;
			sourceTree = "<group>";
		};
		638C215223EC3184002A236B /* Model */ = {
			isa = PBXGroup;
			children = (
				63D0136723EDAFB900F7FEB3 /* Follower.swift */,
				63D0136923EDB10400F7FEB3 /* User.swift */,
				638453D023F1709900AE1E6B /* GitHubFollowers.xcdatamodeld */,
				638453D323F170E300AE1E6B /* CoreDataStack.swift */,
				638453D523F1745B00AE1E6B /* Favorite+Convenience.swift */,
			);
			path = Model;
			sourceTree = "<group>";
		};
		63D0136123ED9DE900F7FEB3 /* Extensions */ = {
			isa = PBXGroup;
			children = (
				63D0136223ED9DFE00F7FEB3 /* UIViewController+Ext.swift */,
				63D0136423EDA0AB00F7FEB3 /* String+Ext.swift */,
				63D0137123EDBB0F00F7FEB3 /* URLSession+NetworkDataLoader.swift */,
				63EC979723F07BB2008E87B5 /* Date+Ext.swift */,
			);
			path = Extensions;
			sourceTree = "<group>";
		};
		63D0136B23EDB85900F7FEB3 /* Managers */ = {
			isa = PBXGroup;
			children = (
				63D0136C23EDB86900F7FEB3 /* NetworkManager.swift */,
			);
			path = Managers;
			sourceTree = "<group>";
		};
		63D0136E23EDBABD00F7FEB3 /* Protocols */ = {
			isa = PBXGroup;
			children = (
				63D0136F23EDBACD00F7FEB3 /* NetworkLoader.swift */,
			);
			path = Protocols;
			sourceTree = "<group>";
		};
		63D44F6223EF2BD800B36D28 /* Buttons */ = {
			isa = PBXGroup;
			children = (
				6331937623EC4659003D7529 /* GFButton.swift */,
			);
			path = Buttons;
			sourceTree = "<group>";
		};
		63D44F6323EF2BE100B36D28 /* TextFields */ = {
			isa = PBXGroup;
			children = (
				6331937823EC4943003D7529 /* GFTextField.swift */,
			);
			path = TextFields;
			sourceTree = "<group>";
		};
		63D44F6423EF2BEC00B36D28 /* Labels */ = {
			isa = PBXGroup;
			children = (
				639092A123ECBFD000B14AAE /* GFTitleLabel.swift */,
				639092A323ECC20C00B14AAE /* GFBodyLabel.swift */,
				63EC978A23F059AE008E87B5 /* GFSecondaryTitleLabel.swift */,
			);
			path = Labels;
			sourceTree = "<group>";
		};
		63D44F6523EF2BF800B36D28 /* Cells */ = {
			isa = PBXGroup;
			children = (
				63D44F6623EF2C1F00B36D28 /* FollowerCell.swift */,
				638453D923F1904700AE1E6B /* FavoriteCell.swift */,
			);
			path = Cells;
			sourceTree = "<group>";
		};
		63D44F6823EF2C7900B36D28 /* ImageViews */ = {
			isa = PBXGroup;
			children = (
				63D44F6B23EF2CA700B36D28 /* GFAvatarImageView.swift */,
			);
			path = ImageViews;
			sourceTree = "<group>";
		};
		63D44F6E23EF3F5700B36D28 /* Helpers */ = {
			isa = PBXGroup;
			children = (
				63D44F6F23EF3F6400B36D28 /* UIHelper.swift */,
			);
			path = Helpers;
			sourceTree = "<group>";
		};
		63EC978723F0589F008E87B5 /* View Controllers */ = {
			isa = PBXGroup;
			children = (
				639092A523ECC2C100B14AAE /* GFAlertVC.swift */,
				63EC978823F05933008E87B5 /* GFUserInfoHeaderViewController.swift */,
				63EC979123F06EF9008E87B5 /* GFItemInfoViewController.swift */,
				63EC979323F07259008E87B5 /* GFRepoItemViewController.swift */,
				63EC979523F07891008E87B5 /* GFFollowerItemViewController.swift */,
			);
			path = "View Controllers";
			sourceTree = "<group>";
		};
		63EC978C23F0625F008E87B5 /* Constants */ = {
			isa = PBXGroup;
			children = (
				63EC978D23F0626C008E87B5 /* Constants.swift */,
			);
			path = Constants;
			sourceTree = "<group>";
		};
/* End PBXGroup section */

/* Begin PBXNativeTarget section */
		638C213723EC30EB002A236B /* GitHubFollowers */ = {
			isa = PBXNativeTarget;
			buildConfigurationList = 638C214C23EC30ED002A236B /* Build configuration list for PBXNativeTarget "GitHubFollowers" */;
			buildPhases = (
				638C213423EC30EB002A236B /* Sources */,
				638C213523EC30EB002A236B /* Frameworks */,
				638C213623EC30EB002A236B /* Resources */,
				638C215323EC373A002A236B /* ShellScript */,
			);
			buildRules = (
			);
			dependencies = (
			);
			name = GitHubFollowers;
			productName = GitHubFollowers;
			productReference = 638C213823EC30EB002A236B /* GitHubFollowers.app */;
			productType = "com.apple.product-type.application";
		};
/* End PBXNativeTarget section */

/* Begin PBXProject section */
		638C213023EC30EB002A236B /* Project object */ = {
			isa = PBXProject;
			attributes = {
				LastSwiftUpdateCheck = 1130;
				LastUpgradeCheck = 1130;
				ORGANIZATIONNAME = chadarutherford.com;
				TargetAttributes = {
					638C213723EC30EB002A236B = {
						CreatedOnToolsVersion = 11.3.1;
					};
				};
			};
			buildConfigurationList = 638C213323EC30EB002A236B /* Build configuration list for PBXProject "GitHubFollowers" */;
			compatibilityVersion = "Xcode 9.3";
			developmentRegion = en;
			hasScannedForEncodings = 0;
			knownRegions = (
				en,
				Base,
			);
			mainGroup = 638C212F23EC30EB002A236B;
			productRefGroup = 638C213923EC30EB002A236B /* Products */;
			projectDirPath = "";
			projectRoot = "";
			targets = (
				638C213723EC30EB002A236B /* GitHubFollowers */,
			);
		};
/* End PBXProject section */

/* Begin PBXResourcesBuildPhase section */
		638C213623EC30EB002A236B /* Resources */ = {
			isa = PBXResourcesBuildPhase;
			buildActionMask = 2147483647;
			files = (
				638C214823EC30ED002A236B /* LaunchScreen.storyboard in Resources */,
				638C214523EC30ED002A236B /* Assets.xcassets in Resources */,
			);
			runOnlyForDeploymentPostprocessing = 0;
		};
/* End PBXResourcesBuildPhase section */

/* Begin PBXShellScriptBuildPhase section */
		638C215323EC373A002A236B /* ShellScript */ = {
			isa = PBXShellScriptBuildPhase;
			buildActionMask = 2147483647;
			files = (
			);
			inputFileListPaths = (
			);
			inputPaths = (
			);
			outputFileListPaths = (
			);
			outputPaths = (
			);
			runOnlyForDeploymentPostprocessing = 0;
			shellPath = /bin/sh;
			shellScript = "if which swiftlint >/dev/null; then\n    swiftlint\nelse\n    echo \"warning: SwiftLint not installed, download from https://github.com/realm/SwiftLint\"\nfi\n";
		};
/* End PBXShellScriptBuildPhase section */

/* Begin PBXSourcesBuildPhase section */
		638C213423EC30EB002A236B /* Sources */ = {
			isa = PBXSourcesBuildPhase;
			buildActionMask = 2147483647;
			files = (
				6331937923EC4943003D7529 /* GFTextField.swift in Sources */,
				6331937223EC3EF3003D7529 /* SearchViewController.swift in Sources */,
				638453DA23F1904700AE1E6B /* FavoriteCell.swift in Sources */,
				63EC979823F07BB2008E87B5 /* Date+Ext.swift in Sources */,
				63D0137223EDBB0F00F7FEB3 /* URLSession+NetworkDataLoader.swift in Sources */,
				63D44F6723EF2C1F00B36D28 /* FollowerCell.swift in Sources */,
				6331937723EC4659003D7529 /* GFButton.swift in Sources */,
				638453D423F170E300AE1E6B /* CoreDataStack.swift in Sources */,
				63843FEE23EF23D900553F22 /* ErrorMessage.swift in Sources */,
				63D0136323ED9DFE00F7FEB3 /* UIViewController+Ext.swift in Sources */,
				63EC978E23F0626C008E87B5 /* Constants.swift in Sources */,
				63EC979423F07259008E87B5 /* GFRepoItemViewController.swift in Sources */,
				63EC979223F06EF9008E87B5 /* GFItemInfoViewController.swift in Sources */,
				6302EFBE23ECB97E0023D575 /* FollowerListViewController.swift in Sources */,
				639092A623ECC2C100B14AAE /* GFAlertVC.swift in Sources */,
				63EC979623F07891008E87B5 /* GFFollowerItemViewController.swift in Sources */,
				63D0136A23EDB10400F7FEB3 /* User.swift in Sources */,
				63EC978623F04DD4008E87B5 /* UserInfoViewController.swift in Sources */,
				638453D623F1745B00AE1E6B /* Favorite+Convenience.swift in Sources */,
				63D0136523EDA0AB00F7FEB3 /* String+Ext.swift in Sources */,
				63EC979023F06AD0008E87B5 /* GFItemInfoView.swift in Sources */,
				63D0136823EDAFB900F7FEB3 /* Follower.swift in Sources */,
				639092A423ECC20C00B14AAE /* GFBodyLabel.swift in Sources */,
				638453D223F1709900AE1E6B /* GitHubFollowers.xcdatamodeld in Sources */,
				63EC978B23F059AE008E87B5 /* GFSecondaryTitleLabel.swift in Sources */,
				639092A223ECBFD000B14AAE /* GFTitleLabel.swift in Sources */,
				638C213C23EC30EB002A236B /* AppDelegate.swift in Sources */,
				636FBA2523EF74E700A752F5 /* GFEmptyStateView.swift in Sources */,
				63D0136D23EDB86900F7FEB3 /* NetworkManager.swift in Sources */,
				63D44F6C23EF2CA700B36D28 /* GFAvatarImageView.swift in Sources */,
				6331937423EC3FA7003D7529 /* FavoritesListViewController.swift in Sources */,
				638C213E23EC30EB002A236B /* SceneDelegate.swift in Sources */,
				63D0137023EDBACD00F7FEB3 /* NetworkLoader.swift in Sources */,
				63D44F7023EF3F6400B36D28 /* UIHelper.swift in Sources */,
				63EC978923F05933008E87B5 /* GFUserInfoHeaderViewController.swift in Sources */,
			);
			runOnlyForDeploymentPostprocessing = 0;
		};
/* End PBXSourcesBuildPhase section */

/* Begin PBXVariantGroup section */
		638C214623EC30ED002A236B /* LaunchScreen.storyboard */ = {
			isa = PBXVariantGroup;
			children = (
				638C214723EC30ED002A236B /* Base */,
			);
			name = LaunchScreen.storyboard;
			sourceTree = "<group>";
		};
/* End PBXVariantGroup section */

/* Begin XCBuildConfiguration section */
		638C214A23EC30ED002A236B /* Debug */ = {
			isa = XCBuildConfiguration;
			buildSettings = {
				ALWAYS_SEARCH_USER_PATHS = NO;
				CLANG_ANALYZER_NONNULL = YES;
				CLANG_ANALYZER_NUMBER_OBJECT_CONVERSION = YES_AGGRESSIVE;
				CLANG_CXX_LANGUAGE_STANDARD = "gnu++14";
				CLANG_CXX_LIBRARY = "libc++";
				CLANG_ENABLE_MODULES = YES;
				CLANG_ENABLE_OBJC_ARC = YES;
				CLANG_ENABLE_OBJC_WEAK = YES;
				CLANG_WARN_BLOCK_CAPTURE_AUTORELEASING = YES;
				CLANG_WARN_BOOL_CONVERSION = YES;
				CLANG_WARN_COMMA = YES;
				CLANG_WARN_CONSTANT_CONVERSION = YES;
				CLANG_WARN_DEPRECATED_OBJC_IMPLEMENTATIONS = YES;
				CLANG_WARN_DIRECT_OBJC_ISA_USAGE = YES_ERROR;
				CLANG_WARN_DOCUMENTATION_COMMENTS = YES;
				CLANG_WARN_EMPTY_BODY = YES;
				CLANG_WARN_ENUM_CONVERSION = YES;
				CLANG_WARN_INFINITE_RECURSION = YES;
				CLANG_WARN_INT_CONVERSION = YES;
				CLANG_WARN_NON_LITERAL_NULL_CONVERSION = YES;
				CLANG_WARN_OBJC_IMPLICIT_RETAIN_SELF = YES;
				CLANG_WARN_OBJC_LITERAL_CONVERSION = YES;
				CLANG_WARN_OBJC_ROOT_CLASS = YES_ERROR;
				CLANG_WARN_RANGE_LOOP_ANALYSIS = YES;
				CLANG_WARN_STRICT_PROTOTYPES = YES;
				CLANG_WARN_SUSPICIOUS_MOVE = YES;
				CLANG_WARN_UNGUARDED_AVAILABILITY = YES_AGGRESSIVE;
				CLANG_WARN_UNREACHABLE_CODE = YES;
				CLANG_WARN__DUPLICATE_METHOD_MATCH = YES;
				COPY_PHASE_STRIP = NO;
				DEBUG_INFORMATION_FORMAT = dwarf;
				ENABLE_STRICT_OBJC_MSGSEND = YES;
				ENABLE_TESTABILITY = YES;
				GCC_C_LANGUAGE_STANDARD = gnu11;
				GCC_DYNAMIC_NO_PIC = NO;
				GCC_NO_COMMON_BLOCKS = YES;
				GCC_OPTIMIZATION_LEVEL = 0;
				GCC_PREPROCESSOR_DEFINITIONS = (
					"DEBUG=1",
					"$(inherited)",
				);
				GCC_WARN_64_TO_32_BIT_CONVERSION = YES;
				GCC_WARN_ABOUT_RETURN_TYPE = YES_ERROR;
				GCC_WARN_UNDECLARED_SELECTOR = YES;
				GCC_WARN_UNINITIALIZED_AUTOS = YES_AGGRESSIVE;
				GCC_WARN_UNUSED_FUNCTION = YES;
				GCC_WARN_UNUSED_VARIABLE = YES;
				IPHONEOS_DEPLOYMENT_TARGET = 13.2;
				MTL_ENABLE_DEBUG_INFO = INCLUDE_SOURCE;
				MTL_FAST_MATH = YES;
				ONLY_ACTIVE_ARCH = YES;
				SDKROOT = iphoneos;
				SWIFT_ACTIVE_COMPILATION_CONDITIONS = DEBUG;
				SWIFT_OPTIMIZATION_LEVEL = "-Onone";
			};
			name = Debug;
		};
		638C214B23EC30ED002A236B /* Release */ = {
			isa = XCBuildConfiguration;
			buildSettings = {
				ALWAYS_SEARCH_USER_PATHS = NO;
				CLANG_ANALYZER_NONNULL = YES;
				CLANG_ANALYZER_NUMBER_OBJECT_CONVERSION = YES_AGGRESSIVE;
				CLANG_CXX_LANGUAGE_STANDARD = "gnu++14";
				CLANG_CXX_LIBRARY = "libc++";
				CLANG_ENABLE_MODULES = YES;
				CLANG_ENABLE_OBJC_ARC = YES;
				CLANG_ENABLE_OBJC_WEAK = YES;
				CLANG_WARN_BLOCK_CAPTURE_AUTORELEASING = YES;
				CLANG_WARN_BOOL_CONVERSION = YES;
				CLANG_WARN_COMMA = YES;
				CLANG_WARN_CONSTANT_CONVERSION = YES;
				CLANG_WARN_DEPRECATED_OBJC_IMPLEMENTATIONS = YES;
				CLANG_WARN_DIRECT_OBJC_ISA_USAGE = YES_ERROR;
				CLANG_WARN_DOCUMENTATION_COMMENTS = YES;
				CLANG_WARN_EMPTY_BODY = YES;
				CLANG_WARN_ENUM_CONVERSION = YES;
				CLANG_WARN_INFINITE_RECURSION = YES;
				CLANG_WARN_INT_CONVERSION = YES;
				CLANG_WARN_NON_LITERAL_NULL_CONVERSION = YES;
				CLANG_WARN_OBJC_IMPLICIT_RETAIN_SELF = YES;
				CLANG_WARN_OBJC_LITERAL_CONVERSION = YES;
				CLANG_WARN_OBJC_ROOT_CLASS = YES_ERROR;
				CLANG_WARN_RANGE_LOOP_ANALYSIS = YES;
				CLANG_WARN_STRICT_PROTOTYPES = YES;
				CLANG_WARN_SUSPICIOUS_MOVE = YES;
				CLANG_WARN_UNGUARDED_AVAILABILITY = YES_AGGRESSIVE;
				CLANG_WARN_UNREACHABLE_CODE = YES;
				CLANG_WARN__DUPLICATE_METHOD_MATCH = YES;
				COPY_PHASE_STRIP = NO;
				DEBUG_INFORMATION_FORMAT = "dwarf-with-dsym";
				ENABLE_NS_ASSERTIONS = NO;
				ENABLE_STRICT_OBJC_MSGSEND = YES;
				GCC_C_LANGUAGE_STANDARD = gnu11;
				GCC_NO_COMMON_BLOCKS = YES;
				GCC_WARN_64_TO_32_BIT_CONVERSION = YES;
				GCC_WARN_ABOUT_RETURN_TYPE = YES_ERROR;
				GCC_WARN_UNDECLARED_SELECTOR = YES;
				GCC_WARN_UNINITIALIZED_AUTOS = YES_AGGRESSIVE;
				GCC_WARN_UNUSED_FUNCTION = YES;
				GCC_WARN_UNUSED_VARIABLE = YES;
				IPHONEOS_DEPLOYMENT_TARGET = 13.2;
				MTL_ENABLE_DEBUG_INFO = NO;
				MTL_FAST_MATH = YES;
				SDKROOT = iphoneos;
				SWIFT_COMPILATION_MODE = wholemodule;
				SWIFT_OPTIMIZATION_LEVEL = "-O";
				VALIDATE_PRODUCT = YES;
			};
			name = Release;
		};
		638C214D23EC30ED002A236B /* Debug */ = {
			isa = XCBuildConfiguration;
			buildSettings = {
				ASSETCATALOG_COMPILER_APPICON_NAME = AppIcon;
				CODE_SIGN_STYLE = Automatic;
				DEVELOPMENT_TEAM = P7DFWNNEL3;
				INFOPLIST_FILE = "GitHubFollowers/Supporting Files/Info.plist";
				LD_RUNPATH_SEARCH_PATHS = (
					"$(inherited)",
					"@executable_path/Frameworks",
				);
				PRODUCT_BUNDLE_IDENTIFIER = com.chadarutherford.GitHubFollowers;
				PRODUCT_NAME = "$(TARGET_NAME)";
				SWIFT_VERSION = 5.0;
				TARGETED_DEVICE_FAMILY = 1;
			};
			name = Debug;
		};
		638C214E23EC30ED002A236B /* Release */ = {
			isa = XCBuildConfiguration;
			buildSettings = {
				ASSETCATALOG_COMPILER_APPICON_NAME = AppIcon;
				CODE_SIGN_STYLE = Automatic;
				DEVELOPMENT_TEAM = P7DFWNNEL3;
				INFOPLIST_FILE = "GitHubFollowers/Supporting Files/Info.plist";
				LD_RUNPATH_SEARCH_PATHS = (
					"$(inherited)",
					"@executable_path/Frameworks",
				);
				PRODUCT_BUNDLE_IDENTIFIER = com.chadarutherford.GitHubFollowers;
				PRODUCT_NAME = "$(TARGET_NAME)";
				SWIFT_VERSION = 5.0;
				TARGETED_DEVICE_FAMILY = 1;
			};
			name = Release;
		};
/* End XCBuildConfiguration section */

/* Begin XCConfigurationList section */
		638C213323EC30EB002A236B /* Build configuration list for PBXProject "GitHubFollowers" */ = {
			isa = XCConfigurationList;
			buildConfigurations = (
				638C214A23EC30ED002A236B /* Debug */,
				638C214B23EC30ED002A236B /* Release */,
			);
			defaultConfigurationIsVisible = 0;
			defaultConfigurationName = Release;
		};
		638C214C23EC30ED002A236B /* Build configuration list for PBXNativeTarget "GitHubFollowers" */ = {
			isa = XCConfigurationList;
			buildConfigurations = (
				638C214D23EC30ED002A236B /* Debug */,
				638C214E23EC30ED002A236B /* Release */,
			);
			defaultConfigurationIsVisible = 0;
			defaultConfigurationName = Release;
		};
/* End XCConfigurationList section */

/* Begin XCVersionGroup section */
		638453D023F1709900AE1E6B /* GitHubFollowers.xcdatamodeld */ = {
			isa = XCVersionGroup;
			children = (
				638453D123F1709900AE1E6B /* GitHubFollowers.xcdatamodel */,
			);
			currentVersion = 638453D123F1709900AE1E6B /* GitHubFollowers.xcdatamodel */;
			path = GitHubFollowers.xcdatamodeld;
			sourceTree = "<group>";
			versionGroupType = wrapper.xcdatamodel;
		};
/* End XCVersionGroup section */
	};
	rootObject = 638C213023EC30EB002A236B /* Project object */;
}
